
Microsoft Visual Studio Solution File, Format Version 12.00
# Visual Studio Version 17
VisualStudioVersion = 17.9.34701.34
MinimumVisualStudioVersion = 10.0.40219.1
Project("{FAE04EC0-301F-11D3-BF4B-00C04F79EFBC}") = "DownloaderApp", "DownloaderApp\DownloaderApp.csproj", "{940FF0F8-C1BF-4FE8-9775-0B04E0EB2CB9}"
EndProject
Global
	GlobalSection(SolutionConfigurationPlatforms) = preSolution
		Debug|Any CPU = Debug|Any CPU
		Release|Any CPU = Release|Any CPU
	EndGlobalSection
	GlobalSection(ProjectConfigurationPlatforms) = postSolution
		{940FF0F8-C1BF-4FE8-9775-0B04E0EB2CB9}.Debug|Any CPU.ActiveCfg = Debug|Any CPU
		{940FF0F8-C1BF-4FE8-9775-0B04E0EB2CB9}.Debug|Any CPU.Build.0 = Debug|Any CPU
		{940FF0F8-C1BF-4FE8-9775-0B04E0EB2CB9}.Release|Any CPU.ActiveCfg = Release|Any CPU
		{940FF0F8-C1BF-4FE8-9775-0B04E0EB2CB9}.Release|Any CPU.Build.0 = Release|Any CPU
	EndGlobalSection
	GlobalSection(SolutionProperties) = preSolution
		HideSolutionNode = FALSE
	EndGlobalSection
	GlobalSection(ExtensibilityGlobals) = postSolution
		SolutionGuid = {893EAB8A-154A-4CA4-BE1A-AA8FE45D4819}
	EndGlobalSection
EndGlobal
